
Microsoft Visual Studio Solution File, Format Version 12.00
# Visual Studio 2012
Project("{FAE04EC0-301F-11D3-BF4B-00C04F79EFBC}") = "LoyaltyCardStorerApp", "LoyaltyCardStorerApp\LoyaltyCardStorerApp.csproj", "{02A7C525-419A-427B-9594-9110D5CD5BD9}"
EndProject
Project("{FAE04EC0-301F-11D3-BF4B-00C04F79EFBC}") = "LoyaltyCardStorerApp.iOS", "iOS\LoyaltyCardStorerApp.iOS.csproj", "{B78DA204-7CF5-4023-90F4-05544D4EF4D9}"
EndProject
Project("{FAE04EC0-301F-11D3-BF4B-00C04F79EFBC}") = "LoyaltyCardStorerApp.Droid", "Droid\LoyaltyCardStorerApp.Droid.csproj", "{5B27DD28-3589-4A5E-93E3-F59F0D9B7272}"
EndProject
Global
	GlobalSection(SolutionConfigurationPlatforms) = preSolution
		Debug|Any CPU = Debug|Any CPU
		Release|Any CPU = Release|Any CPU
		Debug|iPhoneSimulator = Debug|iPhoneSimulator
		Release|iPhone = Release|iPhone
		Release|iPhoneSimulator = Release|iPhoneSimulator
		Debug|iPhone = Debug|iPhone
	EndGlobalSection
	GlobalSection(ProjectConfigurationPlatforms) = postSolution
		{02A7C525-419A-427B-9594-9110D5CD5BD9}.Debug|Any CPU.ActiveCfg = Debug|Any CPU
		{02A7C525-419A-427B-9594-9110D5CD5BD9}.Debug|Any CPU.Build.0 = Debug|Any CPU
		{02A7C525-419A-427B-9594-9110D5CD5BD9}.Release|Any CPU.ActiveCfg = Release|Any CPU
		{02A7C525-419A-427B-9594-9110D5CD5BD9}.Release|Any CPU.Build.0 = Release|Any CPU
		{02A7C525-419A-427B-9594-9110D5CD5BD9}.Debug|iPhoneSimulator.ActiveCfg = Debug|Any CPU
		{02A7C525-419A-427B-9594-9110D5CD5BD9}.Debug|iPhoneSimulator.Build.0 = Debug|Any CPU
		{02A7C525-419A-427B-9594-9110D5CD5BD9}.Release|iPhone.ActiveCfg = Release|Any CPU
		{02A7C525-419A-427B-9594-9110D5CD5BD9}.Release|iPhone.Build.0 = Release|Any CPU
		{02A7C525-419A-427B-9594-9110D5CD5BD9}.Release|iPhoneSimulator.ActiveCfg = Release|Any CPU
		{02A7C525-419A-427B-9594-9110D5CD5BD9}.Release|iPhoneSimulator.Build.0 = Release|Any CPU
		{02A7C525-419A-427B-9594-9110D5CD5BD9}.Debug|iPhone.ActiveCfg = Debug|Any CPU
		{02A7C525-419A-427B-9594-9110D5CD5BD9}.Debug|iPhone.Build.0 = Debug|Any CPU
		{B78DA204-7CF5-4023-90F4-05544D4EF4D9}.Debug|Any CPU.ActiveCfg = Debug|iPhoneSimulator
		{B78DA204-7CF5-4023-90F4-05544D4EF4D9}.Debug|Any CPU.Build.0 = Debug|iPhoneSimulator
		{B78DA204-7CF5-4023-90F4-05544D4EF4D9}.Release|Any CPU.ActiveCfg = Release|iPhone
		{B78DA204-7CF5-4023-90F4-05544D4EF4D9}.Release|Any CPU.Build.0 = Release|iPhone
		{B78DA204-7CF5-4023-90F4-05544D4EF4D9}.Debug|iPhoneSimulator.ActiveCfg = Debug|iPhoneSimulator
		{B78DA204-7CF5-4023-90F4-05544D4EF4D9}.Debug|iPhoneSimulator.Build.0 = Debug|iPhoneSimulator
		{B78DA204-7CF5-4023-90F4-05544D4EF4D9}.Release|iPhone.ActiveCfg = Release|iPhone
		{B78DA204-7CF5-4023-90F4-05544D4EF4D9}.Release|iPhone.Build.0 = Release|iPhone
		{B78DA204-7CF5-4023-90F4-05544D4EF4D9}.Release|iPhoneSimulator.ActiveCfg = Release|iPhoneSimulator
		{B78DA204-7CF5-4023-90F4-05544D4EF4D9}.Release|iPhoneSimulator.Build.0 = Release|iPhoneSimulator
		{B78DA204-7CF5-4023-90F4-05544D4EF4D9}.Debug|iPhone.ActiveCfg = Debug|iPhone
		{B78DA204-7CF5-4023-90F4-05544D4EF4D9}.Debug|iPhone.Build.0 = Debug|iPhone
		{5B27DD28-3589-4A5E-93E3-F59F0D9B7272}.Debug|Any CPU.ActiveCfg = Debug|Any CPU
		{5B27DD28-3589-4A5E-93E3-F59F0D9B7272}.Debug|Any CPU.Build.0 = Debug|Any CPU
		{5B27DD28-3589-4A5E-93E3-F59F0D9B7272}.Release|Any CPU.ActiveCfg = Release|Any CPU
		{5B27DD28-3589-4A5E-93E3-F59F0D9B7272}.Release|Any CPU.Build.0 = Release|Any CPU
		{5B27DD28-3589-4A5E-93E3-F59F0D9B7272}.Debug|iPhoneSimulator.ActiveCfg = Debug|Any CPU
		{5B27DD28-3589-4A5E-93E3-F59F0D9B7272}.Debug|iPhoneSimulator.Build.0 = Debug|Any CPU
		{5B27DD28-3589-4A5E-93E3-F59F0D9B7272}.Release|iPhone.ActiveCfg = Release|Any CPU
		{5B27DD28-3589-4A5E-93E3-F59F0D9B7272}.Release|iPhone.Build.0 = Release|Any CPU
		{5B27DD28-3589-4A5E-93E3-F59F0D9B7272}.Release|iPhoneSimulator.ActiveCfg = Release|Any CPU
		{5B27DD28-3589-4A5E-93E3-F59F0D9B7272}.Release|iPhoneSimulator.Build.0 = Release|Any CPU
		{5B27DD28-3589-4A5E-93E3-F59F0D9B7272}.Debug|iPhone.ActiveCfg = Debug|Any CPU
		{5B27DD28-3589-4A5E-93E3-F59F0D9B7272}.Debug|iPhone.Build.0 = Debug|Any CPU
	EndGlobalSection
EndGlobal
